{
  "name": "@johnhenry/servant",
  "version": "0.0.0",
  "lockfileVersion": 3,
  "requires": true,
  "packages": {
    "": {
      "name": "@johnhenry/servant",
      "version": "0.0.0",
      "license": "MIT",
      "dependencies": {
        "@johnhenry/leserve": "^0.0.0",
        "theres-waldo": "^0.0.0",
        "ws": "^8.18.0"
      },
      "devDependencies": {
        "undici": "^6.19.8"
      },
      "engines": {
        "node": ">=26.0.0"
      }
    },
    "node_modules/@johnhenry/leserve": {
      "version": "0.0.0",
      "resolved": "https://registry.npmjs.org/@johnhenry/leserve/-/leserve-0.0.0.tgz",
      "integrity": "sha512-WJ56ICIJwGxPKFRMDk3LIPN2XLsiDDf4mwtFB4TLm/RzzGnihtQIzBcImLRvy0VGaJtHHHmaAWC4qY8U+g88Ig==",
      "license": "MIT",
      "dependencies": {
        "theres-waldo": "^0.0.0",
        "ws": "^8.18.0"
      },
      "bin": {
        "leserve": "serve-cold.mjs"
      }
    },
    "node_modules/theres-waldo": {
      "version": "0.0.0",
      "resolved": "https://registry.npmjs.org/theres-waldo/-/theres-waldo-0.0.0.tgz",
      "integrity": "sha512-bFR+OJ1jsSq4yfPG1dWkH3j2ibniQevP4MvNc3bbamQQ0WRQoUWwPgbeXc9o0pMMjbb0UA5LJNPU6fhGpjOglQ==",
      "license": "MIT"
    },
    "node_modules/undici": {
      "version": "6.28.1",
      "resolved": "https://registry.npmjs.org/undici/-/undici-6.28.1.tgz",
      "integrity": "sha512-zWpdTVD54H48CIybL0rWQ3ukpb9d23wM7eH5RtfdmeP70cWHNjtfo7P4vZX+5CoDcO53J4Pu5uXp7lNfjc6DRA==",
      "dev": true,
      "license": "MIT",
      "engines": {
        "node": ">=18.17"
      }
    },
    "node_modules/ws": {
      "version": "8.21.3",
      "resolved": "https://registry.npmjs.org/ws/-/ws-8.21.3.tgz",
      "integrity": "sha512-201TZ/kPWxoPr/OKWjquZR1SWKXcvxdH+e1xrx89b3YbmzLMFCLfnaG1HFIgWzJOEWZ7MvpK++odZufgYR50Rw==",
      "license": "MIT",
      "engines": {
        "node": ">=10.0.0"
      },
      "peerDependencies": {
        "bufferutil": "^4.0.1",
        "utf-8-validate": ">=5.0.2"
      },
      "peerDependenciesMeta": {
        "bufferutil": {
          "optional": true
        },
        "utf-8-validate": {
          "optional": true
        }
      }
    }
  }
}
